
Microsoft Visual Studio Solution File, Format Version 12.00
# Visual Studio Version 17
VisualStudioVersion = 17.3.32922.545
MinimumVisualStudioVersion = 10.0.40219.1
Project("{FAE04EC0-301F-11D3-BF4B-00C04F79EFBC}") = "GetMeTheAreaApp", "GetMeTheAreaApp\GetMeTheAreaApp.csproj", "{98F3C5A1-F10E-43BC-8FB7-6629D928651E}"
EndProject
Global
	GlobalSection(SolutionConfigurationPlatforms) = preSolution
		Debug|Any CPU = Debug|Any CPU
		Release|Any CPU = Release|Any CPU
	EndGlobalSection
	GlobalSection(ProjectConfigurationPlatforms) = postSolution
		{98F3C5A1-F10E-43BC-8FB7-6629D928651E}.Debug|Any CPU.ActiveCfg = Debug|Any CPU
		{98F3C5A1-F10E-43BC-8FB7-6629D928651E}.Debug|Any CPU.Build.0 = Debug|Any CPU
		{98F3C5A1-F10E-43BC-8FB7-6629D928651E}.Release|Any CPU.ActiveCfg = Release|Any CPU
		{98F3C5A1-F10E-43BC-8FB7-6629D928651E}.Release|Any CPU.Build.0 = Release|Any CPU
	EndGlobalSection
	GlobalSection(SolutionProperties) = preSolution
		HideSolutionNode = FALSE
	EndGlobalSection
	GlobalSection(ExtensibilityGlobals) = postSolution
		SolutionGuid = {1D95104C-49A2-40DE-AAD7-E147F19C7098}
	EndGlobalSection
EndGlobal
